
Microsoft Visual Studio Solution File, Format Version 12.00
# Visual Studio 14
VisualStudioVersion = 14.0.25420.1
MinimumVisualStudioVersion = 10.0.40219.1
Project("{2150E333-8FDC-42A3-9474-1A3956D46DE8}") = "src", "src", "{5044CCC4-25A7-462A-95D5-6E597B317A73}"
EndProject
Project("{2150E333-8FDC-42A3-9474-1A3956D46DE8}") = "Solution Items", "Solution Items", "{778141C1-C491-4760-A608-FB2608A4DD6F}"
	ProjectSection(SolutionItems) = preProject
		global.json = global.json
		src\gummybearsforever\README.md = src\gummybearsforever\README.md
	EndProjectSection
EndProject
Project("{8BB2217D-0F2D-49D1-97BC-3654ED321F3B}") = "gummybearsforever", "src\gummybearsforever\gummybearsforever.xproj", "{F925D9DE-1EA7-498D-8D87-23E77684FC7C}"
EndProject
Global
	GlobalSection(SolutionConfigurationPlatforms) = preSolution
		Debug|Any CPU = Debug|Any CPU
		Release|Any CPU = Release|Any CPU
	EndGlobalSection
	GlobalSection(ProjectConfigurationPlatforms) = postSolution
		{F925D9DE-1EA7-498D-8D87-23E77684FC7C}.Debug|Any CPU.ActiveCfg = Debug|Any CPU
		{F925D9DE-1EA7-498D-8D87-23E77684FC7C}.Debug|Any CPU.Build.0 = Debug|Any CPU
		{F925D9DE-1EA7-498D-8D87-23E77684FC7C}.Release|Any CPU.ActiveCfg = Release|Any CPU
		{F925D9DE-1EA7-498D-8D87-23E77684FC7C}.Release|Any CPU.Build.0 = Release|Any CPU
	EndGlobalSection
	GlobalSection(SolutionProperties) = preSolution
		HideSolutionNode = FALSE
	EndGlobalSection
	GlobalSection(NestedProjects) = preSolution
		{F925D9DE-1EA7-498D-8D87-23E77684FC7C} = {5044CCC4-25A7-462A-95D5-6E597B317A73}
	EndGlobalSection
EndGlobal
